// !$*UTF8*$!
{
	archiveVersion = 1;
	classes = {
	};
	objectVersion = 46;
	objects = {

/* Begin PBXBuildFile section */
		FB5E67251CC73FD700BC3BC8 /* main.cpp in Sources */ = {isa = PBXBuildFile; fileRef = FB5E67241CC73FD700BC3BC8 /* main.cpp */; };
/* End PBXBuildFile section */

/* Begin PBXCopyFilesBuildPhase section */
		FB5E671F1CC73FD700BC3BC8 /* CopyFiles */ = {
			isa = PBXCopyFilesBuildPhase;
			buildActionMask = 2147483647;
			dstPath = /usr/share/man/man1/;
			dstSubfolderSpec = 0;
			files = (
			);
			runOnlyForDeploymentPostprocessing = 1;
		};
/* End PBXCopyFilesBuildPhase section */

/* Begin PBXFileReference section */
		FB5E67211CC73FD700BC3BC8 /* Dungeoun Crawl */ = {isa = PBXFileReference; explicitFileType = "compiled.mach-o.executable"; includeInIndex = 0; path = "Dungeoun Crawl"; sourceTree = BUILT_PRODUCTS_DIR; };
		FB5E67241CC73FD700BC3BC8 /* main.cpp */ = {isa = PBXFileReference; lastKnownFileType = sourcecode.cpp.cpp; path = main.cpp; sourceTree = "<group>"; };
/* End PBXFileReference section */

/* Begin PBXFrameworksBuildPhase section */
		FB5E671E1CC73FD700BC3BC8 /* Frameworks */ = {
			isa = PBXFrameworksBuildPhase;
			buildActionMask = 2147483647;
			files = (
			);
			runOnlyForDeploymentPostprocessing = 0;
		};
/* End PBXFrameworksBuildPhase section */

/* Begin PBXGroup section */
		FB5E67181CC73FD700BC3BC8 = {
			isa = PBXGroup;
			children = (
				FB5E67231CC73FD700BC3BC8 /* Dungeoun Crawl */,
				FB5E67221CC73FD700BC3BC8 /* Products */,
			);
			sourceTree = "<group>";
		};
		FB5E67221CC73FD700BC3BC8 /* Products */ = {
			isa = PBXGroup;
			children = (
				FB5E67211CC73FD700BC3BC8 /* Dungeoun Crawl */,
			);
			name = Products;
			sourceTree = "<group>";
		};
		FB5E67231CC73FD700BC3BC8 /* Dungeoun Crawl */ = {
			isa = PBXGroup;
			children = (
				FB5E67241CC73FD700BC3BC8 /* main.cpp */,
			);
			path = "Dungeoun Crawl";
			sourceTree = "<group>";
		};
/* End PBXGroup section */

/* Begin PBXNativeTarget section */
		FB5E67201CC73FD700BC3BC8 /* Dungeoun Crawl */ = {
			isa = PBXNativeTarget;
			buildConfigurationList = FB5E67281CC73FD700BC3BC8 /* Build configuration list for PBXNativeTarget "Dungeoun Crawl" */;
			buildPhases = (
				FB5E671D1CC73FD700BC3BC8 /* Sources */,
				FB5E671E1CC73FD700BC3BC8 /* Frameworks */,
				FB5E671F1CC73FD700BC3BC8 /* CopyFiles */,
			);
			buildRules = (
			);
			dependencies = (
			);
			name = "Dungeoun Crawl";
			productName = "Dungeoun Crawl";
			productReference = FB5E67211CC73FD700BC3BC8 /* Dungeoun Crawl */;
			productType = "com.apple.product-type.tool";
		};
/* End PBXNativeTarget section */

/* Begin PBXProject section */
		FB5E67191CC73FD700BC3BC8 /* Project object */ = {
			isa = PBXProject;
			attributes = {
				LastUpgradeCheck = 0720;
				ORGANIZATIONNAME = "Joe Lisi";
				TargetAttributes = {
					FB5E67201CC73FD700BC3BC8 = {
						CreatedOnToolsVersion = 7.2.1;
					};
				};
			};
			buildConfigurationList = FB5E671C1CC73FD700BC3BC8 /* Build configuration list for PBXProject "Dungeoun Crawl" */;
			compatibilityVersion = "Xcode 3.2";
			developmentRegion = English;
			hasScannedForEncodings = 0;
			knownRegions = (
				en,
			);
			mainGroup = FB5E67181CC73FD700BC3BC8;
			productRefGroup = FB5E67221CC73FD700BC3BC8 /* Products */;
			projectDirPath = "";
			projectRoot = "";
			targets = (
				FB5E67201CC73FD700BC3BC8 /* Dungeoun Crawl */,
			);
		};
/* End PBXProject section */

/* Begin PBXSourcesBuildPhase section */
		FB5E671D1CC73FD700BC3BC8 /* Sources */ = {
			isa = PBXSourcesBuildPhase;
			buildActionMask = 2147483647;
			files = (
				FB5E67251CC73FD700BC3BC8 /* main.cpp in Sources */,
			);
			runOnlyForDeploymentPostprocessing = 0;
		};
/* End PBXSourcesBuildPhase section */

/* Begin XCBuildConfiguration section */
		FB5E67261CC73FD700BC3BC8 /* Debug */ = {
			isa = XCBuildConfiguration;
			buildSettings = {
				ALWAYS_SEARCH_USER_PATHS = NO;
				CLANG_CXX_LANGUAGE_STANDARD = "gnu++0x";
				CLANG_CXX_LIBRARY = "libc++";
				CLANG_ENABLE_MODULES = YES;
				CLANG_ENABLE_OBJC_ARC = YES;
				CLANG_WARN_BOOL_CONVERSION = YES;
				CLANG_WARN_CONSTANT_CONVERSION = YES;
				CLANG_WARN_DIRECT_OBJC_ISA_USAGE = YES_ERROR;
				CLANG_WARN_EMPTY_BODY = YES;
				CLANG_WARN_ENUM_CONVERSION = YES;
				CLANG_WARN_INT_CONVERSION = YES;
				CLANG_WARN_OBJC_ROOT_CLASS = YES_ERROR;
				CLANG_WARN_UNREACHABLE_CODE = YES;
				CLANG_WARN__DUPLICATE_METHOD_MATCH = YES;
				CODE_SIGN_IDENTITY = "-";
				COPY_PHASE_STRIP = NO;
				DEBUG_INFORMATION_FORMAT = dwarf;
				ENABLE_STRICT_OBJC_MSGSEND = YES;
				ENABLE_TESTABILITY = YES;
				GCC_C_LANGUAGE_STANDARD = gnu99;
				GCC_DYNAMIC_NO_PIC = NO;
				GCC_NO_COMMON_BLOCKS = YES;
				GCC_OPTIMIZATION_LEVEL = 0;
				GCC_PREPROCESSOR_DEFINITIONS = (
					"DEBUG=1",
					"$(inherited)",
				);
				GCC_WARN_64_TO_32_BIT_CONVERSION = YES;
				GCC_WARN_ABOUT_RETURN_TYPE = YES_ERROR;
				GCC_WARN_UNDECLARED_SELECTOR = YES;
				GCC_WARN_UNINITIALIZED_AUTOS = YES_AGGRESSIVE;
				GCC_WARN_UNUSED_FUNCTION = YES;
				GCC_WARN_UNUSED_VARIABLE = YES;
				MACOSX_DEPLOYMENT_TARGET = 10.11;
				MTL_ENABLE_DEBUG_INFO = YES;
				ONLY_ACTIVE_ARCH = YES;
				SDKROOT = macosx;
			};
			name = Debug;
		};
		FB5E67271CC73FD700BC3BC8 /* Release */ = {
			isa = XCBuildConfiguration;
			buildSettings = {
				ALWAYS_SEARCH_USER_PATHS = NO;
				CLANG_CXX_LANGUAGE_STANDARD = "gnu++0x";
				CLANG_CXX_LIBRARY = "libc++";
				CLANG_ENABLE_MODULES = YES;
				CLANG_ENABLE_OBJC_ARC = YES;
				CLANG_WARN_BOOL_CONVERSION = YES;
				CLANG_WARN_CONSTANT_CONVERSION = YES;
				CLANG_WARN_DIRECT_OBJC_ISA_USAGE = YES_ERROR;
				CLANG_WARN_EMPTY_BODY = YES;
				CLANG_WARN_ENUM_CONVERSION = YES;
				CLANG_WARN_INT_CONVERSION = YES;
				CLANG_WARN_OBJC_ROOT_CLASS = YES_ERROR;
				CLANG_WARN_UNREACHABLE_CODE = YES;
				CLANG_WARN__DUPLICATE_METHOD_MATCH = YES;
				CODE_SIGN_IDENTITY = "-";
				COPY_PHASE_STRIP = NO;
				DEBUG_INFORMATION_FORMAT = "dwarf-with-dsym";
				ENABLE_NS_ASSERTIONS = NO;
				ENABLE_STRICT_OBJC_MSGSEND = YES;
				GCC_C_LANGUAGE_STANDARD = gnu99;
				GCC_NO_COMMON_BLOCKS = YES;
				GCC_WARN_64_TO_32_BIT_CONVERSION = YES;
				GCC_WARN_ABOUT_RETURN_TYPE = YES_ERROR;
				GCC_WARN_UNDECLARED_SELECTOR = YES;
				GCC_WARN_UNINITIALIZED_AUTOS = YES_AGGRESSIVE;
				GCC_WARN_UNUSED_FUNCTION = YES;
				GCC_WARN_UNUSED_VARIABLE = YES;
				MACOSX_DEPLOYMENT_TARGET = 10.11;
				MTL_ENABLE_DEBUG_INFO = NO;
				SDKROOT = macosx;
			};
			name = Release;
		};
		FB5E67291CC73FD700BC3BC8 /* Debug */ = {
			isa = XCBuildConfiguration;
			buildSettings = {
				PRODUCT_NAME = "$(TARGET_NAME)";
			};
			name = Debug;
		};
		FB5E672A1CC73FD700BC3BC8 /* Release */ = {
			isa = XCBuildConfiguration;
			buildSettings = {
				PRODUCT_NAME = "$(TARGET_NAME)";
			};
			name = Release;
		};
/* End XCBuildConfiguration section */

/* Begin XCConfigurationList section */
		FB5E671C1CC73FD700BC3BC8 /* Build configuration list for PBXProject "Dungeoun Crawl" */ = {
			isa = XCConfigurationList;
			buildConfigurations = (
				FB5E67261CC73FD700BC3BC8 /* Debug */,
				FB5E67271CC73FD700BC3BC8 /* Release */,
			);
			defaultConfigurationIsVisible = 0;
			defaultConfigurationName = Release;
		};
		FB5E67281CC73FD700BC3BC8 /* Build configuration list for PBXNativeTarget "Dungeoun Crawl" */ = {
			isa = XCConfigurationList;
			buildConfigurations = (
				FB5E67291CC73FD700BC3BC8 /* Debug */,
				FB5E672A1CC73FD700BC3BC8 /* Release */,
			);
			defaultConfigurationIsVisible = 0;
		};
/* End XCConfigurationList section */
	};
	rootObject = FB5E67191CC73FD700BC3BC8 /* Project object */;
}
